
Microsoft Visual Studio Solution File, Format Version 12.00
# Visual Studio Version 16
VisualStudioVersion = 16.0.30804.86
MinimumVisualStudioVersion = 10.0.40219.1
Project("{FAE04EC0-301F-11D3-BF4B-00C04F79EFBC}") = "AoCD19A", "AoCD19A\AoCD19A.csproj", "{A03514FA-22E4-4C76-8CDF-A242799028C4}"
EndProject
Global
	GlobalSection(SolutionConfigurationPlatforms) = preSolution
		Debug|Any CPU = Debug|Any CPU
		Release|Any CPU = Release|Any CPU
	EndGlobalSection
	GlobalSection(ProjectConfigurationPlatforms) = postSolution
		{A03514FA-22E4-4C76-8CDF-A242799028C4}.Debug|Any CPU.ActiveCfg = Debug|Any CPU
		{A03514FA-22E4-4C76-8CDF-A242799028C4}.Debug|Any CPU.Build.0 = Debug|Any CPU
		{A03514FA-22E4-4C76-8CDF-A242799028C4}.Release|Any CPU.ActiveCfg = Release|Any CPU
		{A03514FA-22E4-4C76-8CDF-A242799028C4}.Release|Any CPU.Build.0 = Release|Any CPU
	EndGlobalSection
	GlobalSection(SolutionProperties) = preSolution
		HideSolutionNode = FALSE
	EndGlobalSection
	GlobalSection(ExtensibilityGlobals) = postSolution
		SolutionGuid = {4D20B83A-EEBA-4468-A0FD-33A9D95BD11E}
	EndGlobalSection
EndGlobal
