
Microsoft Visual Studio Solution File, Format Version 12.00
# Visual Studio Version 16
VisualStudioVersion = 16.0.30717.126
MinimumVisualStudioVersion = 10.0.40219.1
Project("{FAE04EC0-301F-11D3-BF4B-00C04F79EFBC}") = "AoCD3B", "AoCD3B\AoCD3B.csproj", "{9CC7B00B-56B9-46C4-BB57-ADB16284716C}"
EndProject
Global
	GlobalSection(SolutionConfigurationPlatforms) = preSolution
		Debug|Any CPU = Debug|Any CPU
		Release|Any CPU = Release|Any CPU
	EndGlobalSection
	GlobalSection(ProjectConfigurationPlatforms) = postSolution
		{9CC7B00B-56B9-46C4-BB57-ADB16284716C}.Debug|Any CPU.ActiveCfg = Debug|Any CPU
		{9CC7B00B-56B9-46C4-BB57-ADB16284716C}.Debug|Any CPU.Build.0 = Debug|Any CPU
		{9CC7B00B-56B9-46C4-BB57-ADB16284716C}.Release|Any CPU.ActiveCfg = Release|Any CPU
		{9CC7B00B-56B9-46C4-BB57-ADB16284716C}.Release|Any CPU.Build.0 = Release|Any CPU
	EndGlobalSection
	GlobalSection(SolutionProperties) = preSolution
		HideSolutionNode = FALSE
	EndGlobalSection
	GlobalSection(ExtensibilityGlobals) = postSolution
		SolutionGuid = {1B2996BA-5085-4F3D-A1B6-74CF28E01240}
	EndGlobalSection
EndGlobal
